// !$*UTF8*$!
{
	archiveVersion = 1;
	classes = {
	};
	objectVersion = 46;
	objects = {

/* Begin PBXAggregateTarget section */
		037F752918F4DAB300FB3616 /* MarvelousFramework */ = {
			isa = PBXAggregateTarget;
			buildConfigurationList = 037F752A18F4DAB300FB3616 /* Build configuration list for PBXAggregateTarget "MarvelousFramework" */;
			buildPhases = (
				037F752D18F4DB2000FB3616 /* ShellScript */,
			);
			dependencies = (
			);
			name = MarvelousFramework;
			productName = MarvelousFramework;
		};
		03C81A5018F497BD00D84C0C /* MarvelousLibrary */ = {
			isa = PBXAggregateTarget;
			buildConfigurationList = 03C81A5318F497BD00D84C0C /* Build configuration list for PBXAggregateTarget "MarvelousLibrary" */;
			buildPhases = (
				03C81A5418F4980A00D84C0C /* ShellScript */,
			);
			dependencies = (
			);
			name = MarvelousLibrary;
			productName = MarvelousUniversal;
		};
/* End PBXAggregateTarget section */

/* Begin PBXBuildFile section */
		037F74AE18F4CF1400FB3616 /* InfoPlist.strings in Resources */ = {isa = PBXBuildFile; fileRef = 03DEC85818E736740098CCE1 /* InfoPlist.strings */; };
		03C81A9F18F4BC4C00D84C0C /* XCTest.framework in Frameworks */ = {isa = PBXBuildFile; fileRef = 03DEC84D18E736740098CCE1 /* XCTest.framework */; };
		03C81AA318F4BC4C00D84C0C /* Marvelous.framework in Frameworks */ = {isa = PBXBuildFile; fileRef = 03C81A8918F4BC4C00D84C0C /* Marvelous.framework */; };
		03C81AB418F4BFC900D84C0C /* Foundation.framework in Frameworks */ = {isa = PBXBuildFile; fileRef = 03DEC83F18E736730098CCE1 /* Foundation.framework */; };
		03C81AB518F4C12F00D84C0C /* Foundation.framework in Frameworks */ = {isa = PBXBuildFile; fileRef = 03DEC83F18E736730098CCE1 /* Foundation.framework */; };
		03DEC84018E736730098CCE1 /* Foundation.framework in Frameworks */ = {isa = PBXBuildFile; fileRef = 03DEC83F18E736730098CCE1 /* Foundation.framework */; };
		03DEC84518E736740098CCE1 /* Marvelous.h in CopyFiles */ = {isa = PBXBuildFile; fileRef = 03DEC84418E736740098CCE1 /* Marvelous.h */; };
		03DEC84E18E736740098CCE1 /* XCTest.framework in Frameworks */ = {isa = PBXBuildFile; fileRef = 03DEC84D18E736740098CCE1 /* XCTest.framework */; };
		03DEC84F18E736740098CCE1 /* Foundation.framework in Frameworks */ = {isa = PBXBuildFile; fileRef = 03DEC83F18E736730098CCE1 /* Foundation.framework */; };
		03DEC85418E736740098CCE1 /* libMarvelous.a in Frameworks */ = {isa = PBXBuildFile; fileRef = 03DEC83C18E736730098CCE1 /* libMarvelous.a */; };
		03DEC85A18E736740098CCE1 /* InfoPlist.strings in Resources */ = {isa = PBXBuildFile; fileRef = 03DEC85818E736740098CCE1 /* InfoPlist.strings */; };
/* End PBXBuildFile section */

/* Begin PBXContainerItemProxy section */
		03C81AA118F4BC4C00D84C0C /* PBXContainerItemProxy */ = {
			isa = PBXContainerItemProxy;
			containerPortal = 03DEC83418E736730098CCE1 /* Project object */;
			proxyType = 1;
			remoteGlobalIDString = 03C81A8818F4BC4C00D84C0C;
			remoteInfo = MarvelousOSX;
		};
		03DEC85218E736740098CCE1 /* PBXContainerItemProxy */ = {
			isa = PBXContainerItemProxy;
			containerPortal = 03DEC83418E736730098CCE1 /* Project object */;
			proxyType = 1;
			remoteGlobalIDString = 03DEC83B18E736730098CCE1;
			remoteInfo = Marvelous;
		};
/* End PBXContainerItemProxy section */

/* Begin PBXCopyFilesBuildPhase section */
		03DEC83A18E736730098CCE1 /* CopyFiles */ = {
			isa = PBXCopyFilesBuildPhase;
			buildActionMask = 2147483647;
			dstPath = "include/$(PRODUCT_NAME)";
			dstSubfolderSpec = 16;
			files = (
				03DEC84518E736740098CCE1 /* Marvelous.h in CopyFiles */,
			);
			runOnlyForDeploymentPostprocessing = 0;
		};
/* End PBXCopyFilesBuildPhase section */

/* Begin PBXFileReference section */
		031B986118EE9FDE00CE30DE /* APIDocs.json */ = {isa = PBXFileReference; fileEncoding = 4; lastKnownFileType = text.json; path = APIDocs.json; sourceTree = SOURCE_ROOT; };
		034DDCFF18F5E6F1000E823F /* LICENSE */ = {isa = PBXFileReference; fileEncoding = 4; lastKnownFileType = text; path = LICENSE; sourceTree = "<group>"; };
		03C81A8918F4BC4C00D84C0C /* Marvelous.framework */ = {isa = PBXFileReference; explicitFileType = wrapper.framework; includeInIndex = 0; path = Marvelous.framework; sourceTree = BUILT_PRODUCTS_DIR; };
		03C81A9E18F4BC4C00D84C0C /* MarvelousOSXTests.xctest */ = {isa = PBXFileReference; explicitFileType = wrapper.cfbundle; includeInIndex = 0; path = MarvelousOSXTests.xctest; sourceTree = BUILT_PRODUCTS_DIR; };
		03DEC83C18E736730098CCE1 /* libMarvelous.a */ = {isa = PBXFileReference; explicitFileType = archive.ar; includeInIndex = 0; path = libMarvelous.a; sourceTree = BUILT_PRODUCTS_DIR; };
		03DEC83F18E736730098CCE1 /* Foundation.framework */ = {isa = PBXFileReference; lastKnownFileType = wrapper.framework; name = Foundation.framework; path = System/Library/Frameworks/Foundation.framework; sourceTree = SDKROOT; };
		03DEC84318E736740098CCE1 /* Marvelous-Prefix.pch */ = {isa = PBXFileReference; lastKnownFileType = sourcecode.c.h; path = "Marvelous-Prefix.pch"; sourceTree = "<group>"; };
		03DEC84418E736740098CCE1 /* Marvelous.h */ = {isa = PBXFileReference; lastKnownFileType = sourcecode.c.h; path = Marvelous.h; sourceTree = "<group>"; };
		03DEC84C18E736740098CCE1 /* MarvelousTests.xctest */ = {isa = PBXFileReference; explicitFileType = wrapper.cfbundle; includeInIndex = 0; path = MarvelousTests.xctest; sourceTree = BUILT_PRODUCTS_DIR; };
		03DEC84D18E736740098CCE1 /* XCTest.framework */ = {isa = PBXFileReference; lastKnownFileType = wrapper.framework; name = XCTest.framework; path = Library/Frameworks/XCTest.framework; sourceTree = DEVELOPER_DIR; };
		03DEC85718E736740098CCE1 /* MarvelousTests-Info.plist */ = {isa = PBXFileReference; lastKnownFileType = text.plist.xml; path = "MarvelousTests-Info.plist"; sourceTree = "<group>"; };
		03DEC85918E736740098CCE1 /* en */ = {isa = PBXFileReference; lastKnownFileType = text.plist.strings; name = en; path = en.lproj/InfoPlist.strings; sourceTree = "<group>"; };
/* End PBXFileReference section */

/* Begin PBXFrameworksBuildPhase section */
		03C81A8518F4BC4C00D84C0C /* Frameworks */ = {
			isa = PBXFrameworksBuildPhase;
			buildActionMask = 2147483647;
			files = (
				03C81AB418F4BFC900D84C0C /* Foundation.framework in Frameworks */,
			);
			runOnlyForDeploymentPostprocessing = 0;
		};
		03C81A9B18F4BC4C00D84C0C /* Frameworks */ = {
			isa = PBXFrameworksBuildPhase;
			buildActionMask = 2147483647;
			files = (
				03C81AB518F4C12F00D84C0C /* Foundation.framework in Frameworks */,
				03C81A9F18F4BC4C00D84C0C /* XCTest.framework in Frameworks */,
				03C81AA318F4BC4C00D84C0C /* Marvelous.framework in Frameworks */,
			);
			runOnlyForDeploymentPostprocessing = 0;
		};
		03DEC83918E736730098CCE1 /* Frameworks */ = {
			isa = PBXFrameworksBuildPhase;
			buildActionMask = 2147483647;
			files = (
				03DEC84018E736730098CCE1 /* Foundation.framework in Frameworks */,
			);
			runOnlyForDeploymentPostprocessing = 0;
		};
		03DEC84918E736740098CCE1 /* Frameworks */ = {
			isa = PBXFrameworksBuildPhase;
			buildActionMask = 2147483647;
			files = (
				03DEC84E18E736740098CCE1 /* XCTest.framework in Frameworks */,
				03DEC84F18E736740098CCE1 /* Foundation.framework in Frameworks */,
				03DEC85418E736740098CCE1 /* libMarvelous.a in Frameworks */,
			);
			runOnlyForDeploymentPostprocessing = 0;
		};
/* End PBXFrameworksBuildPhase section */

/* Begin PBXGroup section */
		03DEC83318E736730098CCE1 = {
			isa = PBXGroup;
			children = (
				034DDCFF18F5E6F1000E823F /* LICENSE */,
				03DEC84118E736730098CCE1 /* Marvelous */,
				03DEC85518E736740098CCE1 /* MarvelousTests */,
				03DEC83E18E736730098CCE1 /* Frameworks */,
				03DEC83D18E736730098CCE1 /* Products */,
			);
			sourceTree = "<group>";
		};
		03DEC83D18E736730098CCE1 /* Products */ = {
			isa = PBXGroup;
			children = (
				03DEC83C18E736730098CCE1 /* libMarvelous.a */,
				03DEC84C18E736740098CCE1 /* MarvelousTests.xctest */,
				03C81A8918F4BC4C00D84C0C /* Marvelous.framework */,
				03C81A9E18F4BC4C00D84C0C /* MarvelousOSXTests.xctest */,
			);
			name = Products;
			sourceTree = "<group>";
		};
		03DEC83E18E736730098CCE1 /* Frameworks */ = {
			isa = PBXGroup;
			children = (
				03DEC83F18E736730098CCE1 /* Foundation.framework */,
				03DEC84D18E736740098CCE1 /* XCTest.framework */,
			);
			name = Frameworks;
			sourceTree = "<group>";
		};
		03DEC84118E736730098CCE1 /* Marvelous */ = {
			isa = PBXGroup;
			children = (
				03DEC84418E736740098CCE1 /* Marvelous.h */,
				03DEC84218E736740098CCE1 /* Supporting Files */,
			);
			path = Marvelous;
			sourceTree = "<group>";
		};
		03DEC84218E736740098CCE1 /* Supporting Files */ = {
			isa = PBXGroup;
			children = (
				031B986118EE9FDE00CE30DE /* APIDocs.json */,
				03DEC84318E736740098CCE1 /* Marvelous-Prefix.pch */,
			);
			name = "Supporting Files";
			sourceTree = "<group>";
		};
		03DEC85518E736740098CCE1 /* MarvelousTests */ = {
			isa = PBXGroup;
			children = (
				03DEC85618E736740098CCE1 /* Supporting Files */,
			);
			path = MarvelousTests;
			sourceTree = "<group>";
		};
		03DEC85618E736740098CCE1 /* Supporting Files */ = {
			isa = PBXGroup;
			children = (
				03DEC85718E736740098CCE1 /* MarvelousTests-Info.plist */,
				03DEC85818E736740098CCE1 /* InfoPlist.strings */,
			);
			name = "Supporting Files";
			sourceTree = "<group>";
		};
/* End PBXGroup section */

/* Begin PBXHeadersBuildPhase section */
		03C81A8618F4BC4C00D84C0C /* Headers */ = {
			isa = PBXHeadersBuildPhase;
			buildActionMask = 2147483647;
			files = (
			);
			runOnlyForDeploymentPostprocessing = 0;
		};
/* End PBXHeadersBuildPhase section */

/* Begin PBXNativeTarget section */
		03C81A8818F4BC4C00D84C0C /* MarvelousOSX */ = {
			isa = PBXNativeTarget;
			buildConfigurationList = 03C81AB018F4BC4C00D84C0C /* Build configuration list for PBXNativeTarget "MarvelousOSX" */;
			buildPhases = (
				03C81A8418F4BC4C00D84C0C /* Sources */,
				03C81A8518F4BC4C00D84C0C /* Frameworks */,
				03C81A8618F4BC4C00D84C0C /* Headers */,
				03C81A8718F4BC4C00D84C0C /* Resources */,
			);
			buildRules = (
			);
			dependencies = (
			);
			name = MarvelousOSX;
			productName = MarvelousOSX;
			productReference = 03C81A8918F4BC4C00D84C0C /* Marvelous.framework */;
			productType = "com.apple.product-type.framework";
		};
		03C81A9D18F4BC4C00D84C0C /* MarvelousOSXTests */ = {
			isa = PBXNativeTarget;
			buildConfigurationList = 03C81AB118F4BC4C00D84C0C /* Build configuration list for PBXNativeTarget "MarvelousOSXTests" */;
			buildPhases = (
				03C81A9A18F4BC4C00D84C0C /* Sources */,
				03C81A9B18F4BC4C00D84C0C /* Frameworks */,
				03C81A9C18F4BC4C00D84C0C /* Resources */,
			);
			buildRules = (
			);
			dependencies = (
				03C81AA218F4BC4C00D84C0C /* PBXTargetDependency */,
			);
			name = MarvelousOSXTests;
			productName = MarvelousOSXTests;
			productReference = 03C81A9E18F4BC4C00D84C0C /* MarvelousOSXTests.xctest */;
			productType = "com.apple.product-type.bundle.unit-test";
		};
		03DEC83B18E736730098CCE1 /* Marvelous */ = {
			isa = PBXNativeTarget;
			buildConfigurationList = 03DEC85F18E736740098CCE1 /* Build configuration list for PBXNativeTarget "Marvelous" */;
			buildPhases = (
				03DEC83818E736730098CCE1 /* Sources */,
				03DEC83918E736730098CCE1 /* Frameworks */,
				03DEC83A18E736730098CCE1 /* CopyFiles */,
			);
			buildRules = (
			);
			dependencies = (
			);
			name = Marvelous;
			productName = Marvelous;
			productReference = 03DEC83C18E736730098CCE1 /* libMarvelous.a */;
			productType = "com.apple.product-type.library.static";
		};
		03DEC84B18E736740098CCE1 /* MarvelousTests */ = {
			isa = PBXNativeTarget;
			buildConfigurationList = 03DEC86218E736740098CCE1 /* Build configuration list for PBXNativeTarget "MarvelousTests" */;
			buildPhases = (
				03DEC84818E736740098CCE1 /* Sources */,
				03DEC84918E736740098CCE1 /* Frameworks */,
				03DEC84A18E736740098CCE1 /* Resources */,
			);
			buildRules = (
			);
			dependencies = (
				03DEC85318E736740098CCE1 /* PBXTargetDependency */,
			);
			name = MarvelousTests;
			productName = MarvelousTests;
			productReference = 03DEC84C18E736740098CCE1 /* MarvelousTests.xctest */;
			productType = "com.apple.product-type.bundle.unit-test";
		};
/* End PBXNativeTarget section */

/* Begin PBXProject section */
		03DEC83418E736730098CCE1 /* Project object */ = {
			isa = PBXProject;
			attributes = {
				LastUpgradeCheck = 0510;
				ORGANIZATIONNAME = "Rock & Code";
				TargetAttributes = {
					03C81A9D18F4BC4C00D84C0C = {
						TestTargetID = 03C81A8818F4BC4C00D84C0C;
					};
					03DEC84B18E736740098CCE1 = {
						TestTargetID = 03C81A8818F4BC4C00D84C0C;
					};
				};
			};
			buildConfigurationList = 03DEC83718E736730098CCE1 /* Build configuration list for PBXProject "Marvelous" */;
			compatibilityVersion = "Xcode 3.2";
			developmentRegion = English;
			hasScannedForEncodings = 0;
			knownRegions = (
				en,
			);
			mainGroup = 03DEC83318E736730098CCE1;
			productRefGroup = 03DEC83D18E736730098CCE1 /* Products */;
			projectDirPath = "";
			projectRoot = "";
			targets = (
				03DEC83B18E736730098CCE1 /* Marvelous */,
				03C81A8818F4BC4C00D84C0C /* MarvelousOSX */,
				03DEC84B18E736740098CCE1 /* MarvelousTests */,
				03C81A9D18F4BC4C00D84C0C /* MarvelousOSXTests */,
				03C81A5018F497BD00D84C0C /* MarvelousLibrary */,
				037F752918F4DAB300FB3616 /* MarvelousFramework */,
			);
		};
/* End PBXProject section */

/* Begin PBXResourcesBuildPhase section */
		03C81A8718F4BC4C00D84C0C /* Resources */ = {
			isa = PBXResourcesBuildPhase;
			buildActionMask = 2147483647;
			files = (
			);
			runOnlyForDeploymentPostprocessing = 0;
		};
		03C81A9C18F4BC4C00D84C0C /* Resources */ = {
			isa = PBXResourcesBuildPhase;
			buildActionMask = 2147483647;
			files = (
				037F74AE18F4CF1400FB3616 /* InfoPlist.strings in Resources */,
			);
			runOnlyForDeploymentPostprocessing = 0;
		};
		03DEC84A18E736740098CCE1 /* Resources */ = {
			isa = PBXResourcesBuildPhase;
			buildActionMask = 2147483647;
			files = (
				03DEC85A18E736740098CCE1 /* InfoPlist.strings in Resources */,
			);
			runOnlyForDeploymentPostprocessing = 0;
		};
/* End PBXResourcesBuildPhase section */

/* Begin PBXShellScriptBuildPhase section */
		037F752D18F4DB2000FB3616 /* ShellScript */ = {
			isa = PBXShellScriptBuildPhase;
			buildActionMask = 2147483647;
			files = (
			);
			inputPaths = (
			);
			outputPaths = (
			);
			runOnlyForDeploymentPostprocessing = 0;
			shellPath = /bin/sh;
			shellScript = "BUILDER=/Applications/Xcode.app/Contents/Developer/usr/bin/xcodebuild\nTARGET=${PROJECT_NAME}OSX\nBUILD_DIRECTORY=./build\nRELEASE_DIRECTORY=${BUILD_DIRECTORY}/Release\nFRAMEWORK_DIRECTORY=./Framework\nFRAMEWORK_NAME=${PROJECT_NAME}.framework\n\nrm -drf ${FRAMEWORK_DIRECTORY}\nmkdir ${FRAMEWORK_DIRECTORY}\n\n${BUILDER} -project \"${PROJECT_FILE_PATH}\" -target ${TARGET} -sdk macosx -configuration Release clean build\n\nmv ${RELEASE_DIRECTORY}/${FRAMEWORK_NAME} ${FRAMEWORK_DIRECTORY}\n\nrm -rf ${BUILD_DIRECTORY}\n\ncd ${FRAMEWORK_DIRECTORY}\nzip -r ${PROJECT_NAME}-${CURRENT_PROJECT_VERSION}.zip ${FRAMEWORK_NAME}\nrm -rf ${FRAMEWORK_NAME}";
		};
		03C81A5418F4980A00D84C0C /* ShellScript */ = {
			isa = PBXShellScriptBuildPhase;
			buildActionMask = 2147483647;
			files = (
			);
			inputPaths = (
			);
			outputPaths = (
			);
			runOnlyForDeploymentPostprocessing = 0;
			shellPath = /bin/sh;
			shellScript = "BUILDER=/Applications/Xcode.app/Contents/Developer/usr/bin/xcodebuild\nBUILD_DIRECTORY=./build\nSIMULATOR_DIRECTORY=${BUILD_DIRECTORY}/Release-iphonesimulator\nDEVICE_DIRECTORY=${BUILD_DIRECTORY}/Release-iphoneos\nHEADERS_DIRECTORY=${DEVICE_DIRECTORY}/include\nLIBRARY_DIRECTORY=./Library\nARCHIVES_DIRECTORY=${LIBRARY_DIRECTORY}/Archives\nLIBRARY_NAME=lib${PROJECT_NAME}\nARCHIVE_FILES=(${ARCHIVES_DIRECTORY}/${LIBRARY_NAME}-i386.a ${ARCHIVES_DIRECTORY}/${LIBRARY_NAME}-arm7.a ${ARCHIVES_DIRECTORY}/${LIBRARY_NAME}-armv7s.a ${ARCHIVES_DIRECTORY}/${LIBRARY_NAME}-arm64.a)\n\nrm -drf ${LIBRARY_DIRECTORY}\nmkdir -p ${ARCHIVES_DIRECTORY}\n\n${BUILDER} -project \"${PROJECT_FILE_PATH}\" -target ${PROJECT_NAME} -sdk iphonesimulator -configuration Release clean build\n\nmv ${SIMULATOR_DIRECTORY}/${LIBRARY_NAME}.a ${ARCHIVES_DIRECTORY}/${LIBRARY_NAME}-i386.a\n\n${BUILDER} -project \"${PROJECT_FILE_PATH}\" -target ${PROJECT_NAME} -sdk iphoneos -arch armv7 -configuration Release clean build\n\nmv ${DEVICE_DIRECTORY}/${LIBRARY_NAME}.a ${ARCHIVES_DIRECTORY}/${LIBRARY_NAME}-arm7.a\n\n${BUILDER} -project \"${PROJECT_FILE_PATH}\" -target ${PROJECT_NAME} -sdk iphoneos -arch armv7s -configuration Release clean build\n\nmv ${DEVICE_DIRECTORY}/${LIBRARY_NAME}.a ${ARCHIVES_DIRECTORY}/${LIBRARY_NAME}-arm7s.a\n\n${BUILDER} -project \"${PROJECT_FILE_PATH}\" -target ${PROJECT_NAME} -sdk iphoneos -arch arm64 -configuration Release clean build\n\nmv ${DEVICE_DIRECTORY}/${LIBRARY_NAME}.a ${ARCHIVES_DIRECTORY}/${LIBRARY_NAME}-arm64.a\n\nlipo -create -output ${LIBRARY_DIRECTORY}/${LIBRARY_NAME}.a ${ARCHIVE_FILES}\n\nmv ${HEADERS_DIRECTORY}/${PROJECT_NAME} ${LIBRARY_DIRECTORY}/\n\nrm -rf ${ARCHIVES_DIRECTORY}\nrm -rf ${BUILD_DIRECTORY}\n\ncd ${LIBRARY_DIRECTORY}\nzip -r ${LIBRARY_NAME}-${CURRENT_PROJECT_VERSION}.zip ${LIBRARY_NAME}.a ${PROJECT_NAME}\nrm -rf ${LIBRARY_NAME}.a ${PROJECT_NAME}";
		};
/* End PBXShellScriptBuildPhase section */

/* Begin PBXSourcesBuildPhase section */
		03C81A8418F4BC4C00D84C0C /* Sources */ = {
			isa = PBXSourcesBuildPhase;
			buildActionMask = 2147483647;
			files = (
			);
			runOnlyForDeploymentPostprocessing = 0;
		};
		03C81A9A18F4BC4C00D84C0C /* Sources */ = {
			isa = PBXSourcesBuildPhase;
			buildActionMask = 2147483647;
			files = (
			);
			runOnlyForDeploymentPostprocessing = 0;
		};
		03DEC83818E736730098CCE1 /* Sources */ = {
			isa = PBXSourcesBuildPhase;
			buildActionMask = 2147483647;
			files = (
			);
			runOnlyForDeploymentPostprocessing = 0;
		};
		03DEC84818E736740098CCE1 /* Sources */ = {
			isa = PBXSourcesBuildPhase;
			buildActionMask = 2147483647;
			files = (
			);
			runOnlyForDeploymentPostprocessing = 0;
		};
/* End PBXSourcesBuildPhase section */

/* Begin PBXTargetDependency section */
		03C81AA218F4BC4C00D84C0C /* PBXTargetDependency */ = {
			isa = PBXTargetDependency;
			target = 03C81A8818F4BC4C00D84C0C /* MarvelousOSX */;
			targetProxy = 03C81AA118F4BC4C00D84C0C /* PBXContainerItemProxy */;
		};
		03DEC85318E736740098CCE1 /* PBXTargetDependency */ = {
			isa = PBXTargetDependency;
			target = 03DEC83B18E736730098CCE1 /* Marvelous */;
			targetProxy = 03DEC85218E736740098CCE1 /* PBXContainerItemProxy */;
		};
/* End PBXTargetDependency section */

/* Begin PBXVariantGroup section */
		03DEC85818E736740098CCE1 /* InfoPlist.strings */ = {
			isa = PBXVariantGroup;
			children = (
				03DEC85918E736740098CCE1 /* en */,
			);
			name = InfoPlist.strings;
			sourceTree = "<group>";
		};
/* End PBXVariantGroup section */

/* Begin XCBuildConfiguration section */
		037F752B18F4DAB300FB3616 /* Debug */ = {
			isa = XCBuildConfiguration;
			buildSettings = {
				CURRENT_PROJECT_VERSION = 0.6.0;
				PRODUCT_NAME = "$(TARGET_NAME)";
				SDKROOT = macosx;
				SUPPORTED_PLATFORMS = macosx;
			};
			name = Debug;
		};
		037F752C18F4DAB300FB3616 /* Release */ = {
			isa = XCBuildConfiguration;
			buildSettings = {
				CURRENT_PROJECT_VERSION = 0.6.0;
				PRODUCT_NAME = "$(TARGET_NAME)";
				SDKROOT = macosx;
				SUPPORTED_PLATFORMS = macosx;
			};
			name = Release;
		};
		03C81A5118F497BD00D84C0C /* Debug */ = {
			isa = XCBuildConfiguration;
			buildSettings = {
				CURRENT_PROJECT_VERSION = 0.6.0;
				PRODUCT_NAME = "$(TARGET_NAME)";
			};
			name = Debug;
		};
		03C81A5218F497BD00D84C0C /* Release */ = {
			isa = XCBuildConfiguration;
			buildSettings = {
				CURRENT_PROJECT_VERSION = 0.6.0;
				PRODUCT_NAME = "$(TARGET_NAME)";
			};
			name = Release;
		};
		03C81AAC18F4BC4C00D84C0C /* Debug */ = {
			isa = XCBuildConfiguration;
			buildSettings = {
				COMBINE_HIDPI_IMAGES = YES;
				CURRENT_PROJECT_VERSION = 0.6.0;
				DYLIB_COMPATIBILITY_VERSION = 1;
				DYLIB_CURRENT_VERSION = 1;
				FRAMEWORK_SEARCH_PATHS = (
					"$(inherited)",
					"$(DEVELOPER_FRAMEWORKS_DIR)",
				);
				FRAMEWORK_VERSION = A;
				GCC_ENABLE_OBJC_EXCEPTIONS = YES;
				GCC_PRECOMPILE_PREFIX_HEADER = YES;
				GCC_PREFIX_HEADER = "Marvelous/Marvelous-Prefix.pch";
				GCC_PREPROCESSOR_DEFINITIONS = "DEBUG=1";
				INFOPLIST_FILE = "";
				MACOSX_DEPLOYMENT_TARGET = 10.9;
				PRODUCT_NAME = Marvelous;
				SDKROOT = macosx;
				WRAPPER_EXTENSION = framework;
			};
			name = Debug;
		};
		03C81AAD18F4BC4C00D84C0C /* Release */ = {
			isa = XCBuildConfiguration;
			buildSettings = {
				COMBINE_HIDPI_IMAGES = YES;
				CURRENT_PROJECT_VERSION = 0.6.0;
				DEBUG_INFORMATION_FORMAT = "dwarf-with-dsym";
				DYLIB_COMPATIBILITY_VERSION = 1;
				DYLIB_CURRENT_VERSION = 1;
				FRAMEWORK_SEARCH_PATHS = (
					"$(inherited)",
					"$(DEVELOPER_FRAMEWORKS_DIR)",
				);
				FRAMEWORK_VERSION = A;
				GCC_ENABLE_OBJC_EXCEPTIONS = YES;
				GCC_PRECOMPILE_PREFIX_HEADER = YES;
				GCC_PREFIX_HEADER = "Marvelous/Marvelous-Prefix.pch";
				INFOPLIST_FILE = "";
				MACOSX_DEPLOYMENT_TARGET = 10.9;
				PRODUCT_NAME = Marvelous;
				SDKROOT = macosx;
				WRAPPER_EXTENSION = framework;
			};
			name = Release;
		};
		03C81AAE18F4BC4C00D84C0C /* Debug */ = {
			isa = XCBuildConfiguration;
			buildSettings = {
				BUNDLE_LOADER = "$(BUILT_PRODUCTS_DIR)/Marvelous.framework/Versions/A/Marvelous";
				COMBINE_HIDPI_IMAGES = YES;
				FRAMEWORK_SEARCH_PATHS = (
					"$(DEVELOPER_FRAMEWORKS_DIR)",
					"$(inherited)",
				);
				GCC_ENABLE_OBJC_EXCEPTIONS = YES;
				GCC_PRECOMPILE_PREFIX_HEADER = YES;
				GCC_PREFIX_HEADER = "Marvelous/Marvelous-Prefix.pch";
				GCC_PREPROCESSOR_DEFINITIONS = "$(inherited)";
				INFOPLIST_FILE = "MarvelousTests/MarvelousTests-Info.plist";
				MACOSX_DEPLOYMENT_TARGET = 10.9;
				PRODUCT_NAME = "$(TARGET_NAME)";
				SDKROOT = macosx;
				TEST_HOST = "$(BUNDLE_LOADER)";
				WRAPPER_EXTENSION = xctest;
			};
			name = Debug;
		};
		03C81AAF18F4BC4C00D84C0C /* Release */ = {
			isa = XCBuildConfiguration;
			buildSettings = {
				BUNDLE_LOADER = "$(BUILT_PRODUCTS_DIR)/Marvelous.framework/Versions/A/Marvelous";
				COMBINE_HIDPI_IMAGES = YES;
				DEBUG_INFORMATION_FORMAT = "dwarf-with-dsym";
				FRAMEWORK_SEARCH_PATHS = (
					"$(DEVELOPER_FRAMEWORKS_DIR)",
					"$(inherited)",
				);
				GCC_ENABLE_OBJC_EXCEPTIONS = YES;
				GCC_PRECOMPILE_PREFIX_HEADER = YES;
				GCC_PREFIX_HEADER = "Marvelous/Marvelous-Prefix.pch";
				GCC_PREPROCESSOR_DEFINITIONS = "$(inherited)";
				INFOPLIST_FILE = "MarvelousTests/MarvelousTests-Info.plist";
				MACOSX_DEPLOYMENT_TARGET = 10.9;
				PRODUCT_NAME = "$(TARGET_NAME)";
				SDKROOT = macosx;
				TEST_HOST = "$(BUNDLE_LOADER)";
				WRAPPER_EXTENSION = xctest;
			};
			name = Release;
		};
		03DEC85D18E736740098CCE1 /* Debug */ = {
			isa = XCBuildConfiguration;
			buildSettings = {
				ALWAYS_SEARCH_USER_PATHS = NO;
				CLANG_CXX_LANGUAGE_STANDARD = "gnu++0x";
				CLANG_CXX_LIBRARY = "libc++";
				CLANG_ENABLE_MODULES = YES;
				CLANG_ENABLE_OBJC_ARC = YES;
				CLANG_WARN_BOOL_CONVERSION = YES;
				CLANG_WARN_CONSTANT_CONVERSION = YES;
				CLANG_WARN_DIRECT_OBJC_ISA_USAGE = YES_ERROR;
				CLANG_WARN_EMPTY_BODY = YES;
				CLANG_WARN_ENUM_CONVERSION = YES;
				CLANG_WARN_INT_CONVERSION = YES;
				CLANG_WARN_OBJC_ROOT_CLASS = YES_ERROR;
				CLANG_WARN__DUPLICATE_METHOD_MATCH = YES;
				COPY_PHASE_STRIP = NO;
				GCC_C_LANGUAGE_STANDARD = gnu99;
				GCC_DYNAMIC_NO_PIC = NO;
				GCC_OPTIMIZATION_LEVEL = 0;
				GCC_PREPROCESSOR_DEFINITIONS = (
					"DEBUG=1",
					"$(inherited)",
				);
				GCC_SYMBOLS_PRIVATE_EXTERN = NO;
				GCC_WARN_64_TO_32_BIT_CONVERSION = YES;
				GCC_WARN_ABOUT_RETURN_TYPE = YES_ERROR;
				GCC_WARN_UNDECLARED_SELECTOR = YES;
				GCC_WARN_UNINITIALIZED_AUTOS = YES_AGGRESSIVE;
				GCC_WARN_UNUSED_FUNCTION = YES;
				GCC_WARN_UNUSED_VARIABLE = YES;
				IPHONEOS_DEPLOYMENT_TARGET = 7.1;
				ONLY_ACTIVE_ARCH = YES;
				SDKROOT = iphoneos;
			};
			name = Debug;
		};
		03DEC85E18E736740098CCE1 /* Release */ = {
			isa = XCBuildConfiguration;
			buildSettings = {
				ALWAYS_SEARCH_USER_PATHS = NO;
				CLANG_CXX_LANGUAGE_STANDARD = "gnu++0x";
				CLANG_CXX_LIBRARY = "libc++";
				CLANG_ENABLE_MODULES = YES;
				CLANG_ENABLE_OBJC_ARC = YES;
				CLANG_WARN_BOOL_CONVERSION = YES;
				CLANG_WARN_CONSTANT_CONVERSION = YES;
				CLANG_WARN_DIRECT_OBJC_ISA_USAGE = YES_ERROR;
				CLANG_WARN_EMPTY_BODY = YES;
				CLANG_WARN_ENUM_CONVERSION = YES;
				CLANG_WARN_INT_CONVERSION = YES;
				CLANG_WARN_OBJC_ROOT_CLASS = YES_ERROR;
				CLANG_WARN__DUPLICATE_METHOD_MATCH = YES;
				COPY_PHASE_STRIP = YES;
				ENABLE_NS_ASSERTIONS = NO;
				GCC_C_LANGUAGE_STANDARD = gnu99;
				GCC_WARN_64_TO_32_BIT_CONVERSION = YES;
				GCC_WARN_ABOUT_RETURN_TYPE = YES_ERROR;
				GCC_WARN_UNDECLARED_SELECTOR = YES;
				GCC_WARN_UNINITIALIZED_AUTOS = YES_AGGRESSIVE;
				GCC_WARN_UNUSED_FUNCTION = YES;
				GCC_WARN_UNUSED_VARIABLE = YES;
				IPHONEOS_DEPLOYMENT_TARGET = 7.1;
				SDKROOT = iphoneos;
				VALIDATE_PRODUCT = YES;
			};
			name = Release;
		};
		03DEC86018E736740098CCE1 /* Debug */ = {
			isa = XCBuildConfiguration;
			buildSettings = {
				CURRENT_PROJECT_VERSION = 0.6.0;
				DSTROOT = /tmp/Marvelous.dst;
				GCC_PRECOMPILE_PREFIX_HEADER = YES;
				GCC_PREFIX_HEADER = "Marvelous/Marvelous-Prefix.pch";
				OTHER_LDFLAGS = "-ObjC";
				PRODUCT_NAME = "$(TARGET_NAME)";
				SKIP_INSTALL = YES;
			};
			name = Debug;
		};
		03DEC86118E736740098CCE1 /* Release */ = {
			isa = XCBuildConfiguration;
			buildSettings = {
				CURRENT_PROJECT_VERSION = 0.6.0;
				DSTROOT = /tmp/Marvelous.dst;
				GCC_PRECOMPILE_PREFIX_HEADER = YES;
				GCC_PREFIX_HEADER = "Marvelous/Marvelous-Prefix.pch";
				OTHER_LDFLAGS = "-ObjC";
				PRODUCT_NAME = "$(TARGET_NAME)";
				SKIP_INSTALL = YES;
			};
			name = Release;
		};
		03DEC86318E736740098CCE1 /* Debug */ = {
			isa = XCBuildConfiguration;
			buildSettings = {
				BUNDLE_LOADER = "$(BUILT_PRODUCTS_DIR)/Marvelous.framework/Versions/A/Marvelous";
				FRAMEWORK_SEARCH_PATHS = (
					"$(SDKROOT)/Developer/Library/Frameworks",
					"$(inherited)",
					"$(DEVELOPER_FRAMEWORKS_DIR)",
				);
				GCC_PRECOMPILE_PREFIX_HEADER = YES;
				GCC_PREFIX_HEADER = "Marvelous/Marvelous-Prefix.pch";
				GCC_PREPROCESSOR_DEFINITIONS = "$(inherited)";
				INFOPLIST_FILE = "MarvelousTests/MarvelousTests-Info.plist";
				PRODUCT_NAME = "$(TARGET_NAME)";
				TEST_HOST = "$(BUNDLE_LOADER)";
				WRAPPER_EXTENSION = xctest;
			};
			name = Debug;
		};
		03DEC86418E736740098CCE1 /* Release */ = {
			isa = XCBuildConfiguration;
			buildSettings = {
				BUNDLE_LOADER = "$(BUILT_PRODUCTS_DIR)/Marvelous.framework/Versions/A/Marvelous";
				FRAMEWORK_SEARCH_PATHS = (
					"$(SDKROOT)/Developer/Library/Frameworks",
					"$(inherited)",
					"$(DEVELOPER_FRAMEWORKS_DIR)",
				);
				GCC_PRECOMPILE_PREFIX_HEADER = YES;
				GCC_PREFIX_HEADER = "Marvelous/Marvelous-Prefix.pch";
				INFOPLIST_FILE = "MarvelousTests/MarvelousTests-Info.plist";
				PRODUCT_NAME = "$(TARGET_NAME)";
				TEST_HOST = "$(BUNDLE_LOADER)";
				WRAPPER_EXTENSION = xctest;
			};
			name = Release;
		};
/* End XCBuildConfiguration section */

/* Begin XCConfigurationList section */
		037F752A18F4DAB300FB3616 /* Build configuration list for PBXAggregateTarget "MarvelousFramework" */ = {
			isa = XCConfigurationList;
			buildConfigurations = (
				037F752B18F4DAB300FB3616 /* Debug */,
				037F752C18F4DAB300FB3616 /* Release */,
			);
			defaultConfigurationIsVisible = 0;
			defaultConfigurationName = Release;
		};
		03C81A5318F497BD00D84C0C /* Build configuration list for PBXAggregateTarget "MarvelousLibrary" */ = {
			isa = XCConfigurationList;
			buildConfigurations = (
				03C81A5118F497BD00D84C0C /* Debug */,
				03C81A5218F497BD00D84C0C /* Release */,
			);
			defaultConfigurationIsVisible = 0;
			defaultConfigurationName = Release;
		};
		03C81AB018F4BC4C00D84C0C /* Build configuration list for PBXNativeTarget "MarvelousOSX" */ = {
			isa = XCConfigurationList;
			buildConfigurations = (
				03C81AAC18F4BC4C00D84C0C /* Debug */,
				03C81AAD18F4BC4C00D84C0C /* Release */,
			);
			defaultConfigurationIsVisible = 0;
			defaultConfigurationName = Release;
		};
		03C81AB118F4BC4C00D84C0C /* Build configuration list for PBXNativeTarget "MarvelousOSXTests" */ = {
			isa = XCConfigurationList;
			buildConfigurations = (
				03C81AAE18F4BC4C00D84C0C /* Debug */,
				03C81AAF18F4BC4C00D84C0C /* Release */,
			);
			defaultConfigurationIsVisible = 0;
			defaultConfigurationName = Release;
		};
		03DEC83718E736730098CCE1 /* Build configuration list for PBXProject "Marvelous" */ = {
			isa = XCConfigurationList;
			buildConfigurations = (
				03DEC85D18E736740098CCE1 /* Debug */,
				03DEC85E18E736740098CCE1 /* Release */,
			);
			defaultConfigurationIsVisible = 0;
			defaultConfigurationName = Release;
		};
		03DEC85F18E736740098CCE1 /* Build configuration list for PBXNativeTarget "Marvelous" */ = {
			isa = XCConfigurationList;
			buildConfigurations = (
				03DEC86018E736740098CCE1 /* Debug */,
				03DEC86118E736740098CCE1 /* Release */,
			);
			defaultConfigurationIsVisible = 0;
			defaultConfigurationName = Release;
		};
		03DEC86218E736740098CCE1 /* Build configuration list for PBXNativeTarget "MarvelousTests" */ = {
			isa = XCConfigurationList;
			buildConfigurations = (
				03DEC86318E736740098CCE1 /* Debug */,
				03DEC86418E736740098CCE1 /* Release */,
			);
			defaultConfigurationIsVisible = 0;
			defaultConfigurationName = Release;
		};
/* End XCConfigurationList section */
	};
	rootObject = 03DEC83418E736730098CCE1 /* Project object */;
}
